// !$*UTF8*$!
{
	archiveVersion = 1;
	classes = {
	};
	objectVersion = 55;
	objects = {

/* Begin PBXBuildFile section */
		B5CE434C2751CFC500627DFB /* CoreFoundation.framework in Frameworks */ = {isa = PBXBuildFile; fileRef = B5CE434B2751CFC500627DFB /* CoreFoundation.framework */; };
		B5CE434E2751CFCB00627DFB /* IOKit.framework in Frameworks */ = {isa = PBXBuildFile; fileRef = B5CE434D2751CFCB00627DFB /* IOKit.framework */; };
		B5CE43502751D00200627DFB /* libconcert.a in Frameworks */ = {isa = PBXBuildFile; fileRef = B5CE434F2751D00200627DFB /* libconcert.a */; };
		B5CE43542751D01A00627DFB /* libilocplex.a in Frameworks */ = {isa = PBXBuildFile; fileRef = B5CE43512751D01A00627DFB /* libilocplex.a */; };
		B5CE43552751D01A00627DFB /* libcplexdistmip.a in Frameworks */ = {isa = PBXBuildFile; fileRef = B5CE43522751D01A00627DFB /* libcplexdistmip.a */; };
		B5CE43562751D01A00627DFB /* libcplex.a in Frameworks */ = {isa = PBXBuildFile; fileRef = B5CE43532751D01A00627DFB /* libcplex.a */; };
		B5CE43582751E79000627DFB /* ScreenTime.framework in Frameworks */ = {isa = PBXBuildFile; fileRef = B5CE43572751E79000627DFB /* ScreenTime.framework */; };
		B5CE435A2751E79600627DFB /* JavaRuntimeSupport.framework in Frameworks */ = {isa = PBXBuildFile; fileRef = B5CE43592751E79600627DFB /* JavaRuntimeSupport.framework */; };
		B5CE435C2751E81800627DFB /* SensorKit.framework in Frameworks */ = {isa = PBXBuildFile; fileRef = B5CE435B2751E81800627DFB /* SensorKit.framework */; };
		B5DD7B31275424C60068D40D /* Timer.cc in Sources */ = {isa = PBXBuildFile; fileRef = B5DD7B30275424C60068D40D /* Timer.cc */; };
		B5DD7B33275424CD0068D40D /* Random.cc in Sources */ = {isa = PBXBuildFile; fileRef = B5DD7B32275424CD0068D40D /* Random.cc */; };
		B5DD7B352754253E0068D40D /* cplex_mpids.cpp in Sources */ = {isa = PBXBuildFile; fileRef = B5DD7B342754253E0068D40D /* cplex_mpids.cpp */; };
/* End PBXBuildFile section */

/* Begin PBXCopyFilesBuildPhase section */
		B5CE433E2751CE5F00627DFB /* CopyFiles */ = {
			isa = PBXCopyFilesBuildPhase;
			buildActionMask = 2147483647;
			dstPath = /usr/share/man/man1/;
			dstSubfolderSpec = 0;
			files = (
			);
			runOnlyForDeploymentPostprocessing = 1;
		};
/* End PBXCopyFilesBuildPhase section */

/* Begin PBXFileReference section */
		B5CE43402751CE5F00627DFB /* cplex */ = {isa = PBXFileReference; explicitFileType = "compiled.mach-o.executable"; includeInIndex = 0; path = cplex; sourceTree = BUILT_PRODUCTS_DIR; };
		B5CE434B2751CFC500627DFB /* CoreFoundation.framework */ = {isa = PBXFileReference; lastKnownFileType = wrapper.framework; name = CoreFoundation.framework; path = System/Library/Frameworks/CoreFoundation.framework; sourceTree = SDKROOT; };
		B5CE434D2751CFCB00627DFB /* IOKit.framework */ = {isa = PBXFileReference; lastKnownFileType = wrapper.framework; name = IOKit.framework; path = System/Library/Frameworks/IOKit.framework; sourceTree = SDKROOT; };
		B5CE434F2751D00200627DFB /* libconcert.a */ = {isa = PBXFileReference; lastKnownFileType = archive.ar; name = libconcert.a; path = "../../../../Applications/CPLEX_Studio201/concert/lib/x86-64_osx/static_pic/libconcert.a"; sourceTree = "<group>"; };
		B5CE43512751D01A00627DFB /* libilocplex.a */ = {isa = PBXFileReference; lastKnownFileType = archive.ar; name = libilocplex.a; path = "../../../../Applications/CPLEX_Studio201/cplex/lib/x86-64_osx/static_pic/libilocplex.a"; sourceTree = "<group>"; };
		B5CE43522751D01A00627DFB /* libcplexdistmip.a */ = {isa = PBXFileReference; lastKnownFileType = archive.ar; name = libcplexdistmip.a; path = "../../../../Applications/CPLEX_Studio201/cplex/lib/x86-64_osx/static_pic/libcplexdistmip.a"; sourceTree = "<group>"; };
		B5CE43532751D01A00627DFB /* libcplex.a */ = {isa = PBXFileReference; lastKnownFileType = archive.ar; name = libcplex.a; path = "../../../../Applications/CPLEX_Studio201/cplex/lib/x86-64_osx/static_pic/libcplex.a"; sourceTree = "<group>"; };
		B5CE43572751E79000627DFB /* ScreenTime.framework */ = {isa = PBXFileReference; lastKnownFileType = wrapper.framework; name = ScreenTime.framework; path = System/Library/Frameworks/ScreenTime.framework; sourceTree = SDKROOT; };
		B5CE43592751E79600627DFB /* JavaRuntimeSupport.framework */ = {isa = PBXFileReference; lastKnownFileType = wrapper.framework; name = JavaRuntimeSupport.framework; path = System/Library/Frameworks/JavaRuntimeSupport.framework; sourceTree = SDKROOT; };
		B5CE435B2751E81800627DFB /* SensorKit.framework */ = {isa = PBXFileReference; lastKnownFileType = wrapper.framework; name = SensorKit.framework; path = System/Library/Frameworks/SensorKit.framework; sourceTree = SDKROOT; };
		B5DD7B30275424C60068D40D /* Timer.cc */ = {isa = PBXFileReference; fileEncoding = 4; lastKnownFileType = sourcecode.cpp.cpp; path = Timer.cc; sourceTree = SOURCE_ROOT; };
		B5DD7B32275424CD0068D40D /* Random.cc */ = {isa = PBXFileReference; fileEncoding = 4; lastKnownFileType = sourcecode.cpp.cpp; path = Random.cc; sourceTree = SOURCE_ROOT; };
		B5DD7B342754253E0068D40D /* cplex_mpids.cpp */ = {isa = PBXFileReference; fileEncoding = 4; lastKnownFileType = sourcecode.cpp.cpp; path = cplex_mpids.cpp; sourceTree = SOURCE_ROOT; };
/* End PBXFileReference section */

/* Begin PBXFrameworksBuildPhase section */
		B5CE433D2751CE5F00627DFB /* Frameworks */ = {
			isa = PBXFrameworksBuildPhase;
			buildActionMask = 2147483647;
			files = (
				B5CE435C2751E81800627DFB /* SensorKit.framework in Frameworks */,
				B5CE435A2751E79600627DFB /* JavaRuntimeSupport.framework in Frameworks */,
				B5CE43582751E79000627DFB /* ScreenTime.framework in Frameworks */,
				B5CE43542751D01A00627DFB /* libilocplex.a in Frameworks */,
				B5CE43552751D01A00627DFB /* libcplexdistmip.a in Frameworks */,
				B5CE43562751D01A00627DFB /* libcplex.a in Frameworks */,
				B5CE43502751D00200627DFB /* libconcert.a in Frameworks */,
				B5CE434E2751CFCB00627DFB /* IOKit.framework in Frameworks */,
				B5CE434C2751CFC500627DFB /* CoreFoundation.framework in Frameworks */,
			);
			runOnlyForDeploymentPostprocessing = 0;
		};
/* End PBXFrameworksBuildPhase section */

/* Begin PBXGroup section */
		B5CE43372751CE5F00627DFB = {
			isa = PBXGroup;
			children = (
				B5CE43422751CE5F00627DFB /* cplex */,
				B5CE43412751CE5F00627DFB /* Products */,
				B5CE434A2751CFC500627DFB /* Frameworks */,
			);
			sourceTree = "<group>";
		};
		B5CE43412751CE5F00627DFB /* Products */ = {
			isa = PBXGroup;
			children = (
				B5CE43402751CE5F00627DFB /* cplex */,
			);
			name = Products;
			sourceTree = "<group>";
		};
		B5CE43422751CE5F00627DFB /* cplex */ = {
			isa = PBXGroup;
			children = (
				B5DD7B342754253E0068D40D /* cplex_mpids.cpp */,
				B5DD7B32275424CD0068D40D /* Random.cc */,
				B5DD7B30275424C60068D40D /* Timer.cc */,
			);
			path = cplex;
			sourceTree = "<group>";
		};
		B5CE434A2751CFC500627DFB /* Frameworks */ = {
			isa = PBXGroup;
			children = (
				B5CE435B2751E81800627DFB /* SensorKit.framework */,
				B5CE43592751E79600627DFB /* JavaRuntimeSupport.framework */,
				B5CE43572751E79000627DFB /* ScreenTime.framework */,
				B5CE43532751D01A00627DFB /* libcplex.a */,
				B5CE43522751D01A00627DFB /* libcplexdistmip.a */,
				B5CE43512751D01A00627DFB /* libilocplex.a */,
				B5CE434F2751D00200627DFB /* libconcert.a */,
				B5CE434D2751CFCB00627DFB /* IOKit.framework */,
				B5CE434B2751CFC500627DFB /* CoreFoundation.framework */,
			);
			name = Frameworks;
			sourceTree = "<group>";
		};
/* End PBXGroup section */

/* Begin PBXNativeTarget section */
		B5CE433F2751CE5F00627DFB /* cplex */ = {
			isa = PBXNativeTarget;
			buildConfigurationList = B5CE43472751CE5F00627DFB /* Build configuration list for PBXNativeTarget "cplex" */;
			buildPhases = (
				B5CE433C2751CE5F00627DFB /* Sources */,
				B5CE433D2751CE5F00627DFB /* Frameworks */,
				B5CE433E2751CE5F00627DFB /* CopyFiles */,
			);
			buildRules = (
			);
			dependencies = (
			);
			name = cplex;
			productName = cplex;
			productReference = B5CE43402751CE5F00627DFB /* cplex */;
			productType = "com.apple.product-type.tool";
		};
/* End PBXNativeTarget section */

/* Begin PBXProject section */
		B5CE43382751CE5F00627DFB /* Project object */ = {
			isa = PBXProject;
			attributes = {
				BuildIndependentTargetsInParallel = 1;
				LastUpgradeCheck = 1310;
				TargetAttributes = {
					B5CE433F2751CE5F00627DFB = {
						CreatedOnToolsVersion = 13.1;
					};
				};
			};
			buildConfigurationList = B5CE433B2751CE5F00627DFB /* Build configuration list for PBXProject "cplex" */;
			compatibilityVersion = "Xcode 13.0";
			developmentRegion = en;
			hasScannedForEncodings = 0;
			knownRegions = (
				en,
				Base,
			);
			mainGroup = B5CE43372751CE5F00627DFB;
			productRefGroup = B5CE43412751CE5F00627DFB /* Products */;
			projectDirPath = "";
			projectRoot = "";
			targets = (
				B5CE433F2751CE5F00627DFB /* cplex */,
			);
		};
/* End PBXProject section */

/* Begin PBXSourcesBuildPhase section */
		B5CE433C2751CE5F00627DFB /* Sources */ = {
			isa = PBXSourcesBuildPhase;
			buildActionMask = 2147483647;
			files = (
				B5DD7B31275424C60068D40D /* Timer.cc in Sources */,
				B5DD7B33275424CD0068D40D /* Random.cc in Sources */,
				B5DD7B352754253E0068D40D /* cplex_mpids.cpp in Sources */,
			);
			runOnlyForDeploymentPostprocessing = 0;
		};
/* End PBXSourcesBuildPhase section */

/* Begin XCBuildConfiguration section */
		B5CE43452751CE5F00627DFB /* Debug */ = {
			isa = XCBuildConfiguration;
			buildSettings = {
				ALWAYS_SEARCH_USER_PATHS = NO;
				CLANG_ANALYZER_NONNULL = YES;
				CLANG_ANALYZER_NUMBER_OBJECT_CONVERSION = YES_AGGRESSIVE;
				CLANG_CXX_LANGUAGE_STANDARD = "gnu++17";
				CLANG_CXX_LIBRARY = "libc++";
				CLANG_ENABLE_MODULES = YES;
				CLANG_ENABLE_OBJC_ARC = YES;
				CLANG_ENABLE_OBJC_WEAK = YES;
				CLANG_WARN_BLOCK_CAPTURE_AUTORELEASING = YES;
				CLANG_WARN_BOOL_CONVERSION = YES;
				CLANG_WARN_COMMA = YES;
				CLANG_WARN_CONSTANT_CONVERSION = YES;
				CLANG_WARN_DEPRECATED_OBJC_IMPLEMENTATIONS = YES;
				CLANG_WARN_DIRECT_OBJC_ISA_USAGE = YES_ERROR;
				CLANG_WARN_DOCUMENTATION_COMMENTS = YES;
				CLANG_WARN_EMPTY_BODY = YES;
				CLANG_WARN_ENUM_CONVERSION = YES;
				CLANG_WARN_INFINITE_RECURSION = YES;
				CLANG_WARN_INT_CONVERSION = YES;
				CLANG_WARN_NON_LITERAL_NULL_CONVERSION = YES;
				CLANG_WARN_OBJC_IMPLICIT_RETAIN_SELF = YES;
				CLANG_WARN_OBJC_LITERAL_CONVERSION = YES;
				CLANG_WARN_OBJC_ROOT_CLASS = YES_ERROR;
				CLANG_WARN_QUOTED_INCLUDE_IN_FRAMEWORK_HEADER = YES;
				CLANG_WARN_RANGE_LOOP_ANALYSIS = YES;
				CLANG_WARN_STRICT_PROTOTYPES = YES;
				CLANG_WARN_SUSPICIOUS_MOVE = YES;
				CLANG_WARN_UNGUARDED_AVAILABILITY = YES_AGGRESSIVE;
				CLANG_WARN_UNREACHABLE_CODE = YES;
				CLANG_WARN__DUPLICATE_METHOD_MATCH = YES;
				COPY_PHASE_STRIP = NO;
				DEBUG_INFORMATION_FORMAT = dwarf;
				ENABLE_STRICT_OBJC_MSGSEND = YES;
				ENABLE_TESTABILITY = YES;
				GCC_C_LANGUAGE_STANDARD = gnu11;
				GCC_DYNAMIC_NO_PIC = NO;
				GCC_NO_COMMON_BLOCKS = YES;
				GCC_OPTIMIZATION_LEVEL = 0;
				GCC_PREPROCESSOR_DEFINITIONS = (
					"DEBUG=1",
					"$(inherited)",
				);
				GCC_WARN_64_TO_32_BIT_CONVERSION = YES;
				GCC_WARN_ABOUT_RETURN_TYPE = YES_ERROR;
				GCC_WARN_UNDECLARED_SELECTOR = YES;
				GCC_WARN_UNINITIALIZED_AUTOS = YES_AGGRESSIVE;
				GCC_WARN_UNUSED_FUNCTION = YES;
				GCC_WARN_UNUSED_VARIABLE = YES;
				MACOSX_DEPLOYMENT_TARGET = 12.0;
				MTL_ENABLE_DEBUG_INFO = INCLUDE_SOURCE;
				MTL_FAST_MATH = YES;
				ONLY_ACTIVE_ARCH = YES;
				SDKROOT = macosx;
			};
			name = Debug;
		};
		B5CE43462751CE5F00627DFB /* Release */ = {
			isa = XCBuildConfiguration;
			buildSettings = {
				ALWAYS_SEARCH_USER_PATHS = NO;
				CLANG_ANALYZER_NONNULL = YES;
				CLANG_ANALYZER_NUMBER_OBJECT_CONVERSION = YES_AGGRESSIVE;
				CLANG_CXX_LANGUAGE_STANDARD = "gnu++17";
				CLANG_CXX_LIBRARY = "libc++";
				CLANG_ENABLE_MODULES = YES;
				CLANG_ENABLE_OBJC_ARC = YES;
				CLANG_ENABLE_OBJC_WEAK = YES;
				CLANG_WARN_BLOCK_CAPTURE_AUTORELEASING = YES;
				CLANG_WARN_BOOL_CONVERSION = YES;
				CLANG_WARN_COMMA = YES;
				CLANG_WARN_CONSTANT_CONVERSION = YES;
				CLANG_WARN_DEPRECATED_OBJC_IMPLEMENTATIONS = YES;
				CLANG_WARN_DIRECT_OBJC_ISA_USAGE = YES_ERROR;
				CLANG_WARN_DOCUMENTATION_COMMENTS = YES;
				CLANG_WARN_EMPTY_BODY = YES;
				CLANG_WARN_ENUM_CONVERSION = YES;
				CLANG_WARN_INFINITE_RECURSION = YES;
				CLANG_WARN_INT_CONVERSION = YES;
				CLANG_WARN_NON_LITERAL_NULL_CONVERSION = YES;
				CLANG_WARN_OBJC_IMPLICIT_RETAIN_SELF = YES;
				CLANG_WARN_OBJC_LITERAL_CONVERSION = YES;
				CLANG_WARN_OBJC_ROOT_CLASS = YES_ERROR;
				CLANG_WARN_QUOTED_INCLUDE_IN_FRAMEWORK_HEADER = YES;
				CLANG_WARN_RANGE_LOOP_ANALYSIS = YES;
				CLANG_WARN_STRICT_PROTOTYPES = YES;
				CLANG_WARN_SUSPICIOUS_MOVE = YES;
				CLANG_WARN_UNGUARDED_AVAILABILITY = YES_AGGRESSIVE;
				CLANG_WARN_UNREACHABLE_CODE = YES;
				CLANG_WARN__DUPLICATE_METHOD_MATCH = YES;
				COPY_PHASE_STRIP = NO;
				DEBUG_INFORMATION_FORMAT = "dwarf-with-dsym";
				ENABLE_NS_ASSERTIONS = NO;
				ENABLE_STRICT_OBJC_MSGSEND = YES;
				GCC_C_LANGUAGE_STANDARD = gnu11;
				GCC_NO_COMMON_BLOCKS = YES;
				GCC_WARN_64_TO_32_BIT_CONVERSION = YES;
				GCC_WARN_ABOUT_RETURN_TYPE = YES_ERROR;
				GCC_WARN_UNDECLARED_SELECTOR = YES;
				GCC_WARN_UNINITIALIZED_AUTOS = YES_AGGRESSIVE;
				GCC_WARN_UNUSED_FUNCTION = YES;
				GCC_WARN_UNUSED_VARIABLE = YES;
				MACOSX_DEPLOYMENT_TARGET = 12.0;
				MTL_ENABLE_DEBUG_INFO = NO;
				MTL_FAST_MATH = YES;
				SDKROOT = macosx;
			};
			name = Release;
		};
		B5CE43482751CE5F00627DFB /* Debug */ = {
			isa = XCBuildConfiguration;
			buildSettings = {
				CODE_SIGN_STYLE = Automatic;
				EXCLUDED_ARCHS = arm64;
				HEADER_SEARCH_PATHS = (
					/Applications/CPLEX_Studio201/concert/include,
					/Applications/CPLEX_Studio201/cplex/include,
					"\"$(SRCROOT)/\"",
				);
				LIBRARY_SEARCH_PATHS = (
					"\"/Applications/CPLEX_Studio201/concert/lib/x86-64_osx/static_pic\"",
					"\"/Applications/CPLEX_Studio201/cplex/lib/x86-64_osx/static_pic\"",
				);
				OTHER_CFLAGS = "-DIL_STD";
				PRODUCT_NAME = "$(TARGET_NAME)";
			};
			name = Debug;
		};
		B5CE43492751CE5F00627DFB /* Release */ = {
			isa = XCBuildConfiguration;
			buildSettings = {
				CODE_SIGN_STYLE = Automatic;
				EXCLUDED_ARCHS = arm64;
				HEADER_SEARCH_PATHS = (
					/Applications/CPLEX_Studio201/concert/include,
					/Applications/CPLEX_Studio201/cplex/include,
					"\"$(SRCROOT)/\"",
				);
				LIBRARY_SEARCH_PATHS = (
					"\"/Applications/CPLEX_Studio201/concert/lib/x86-64_osx/static_pic\"",
					"\"/Applications/CPLEX_Studio201/cplex/lib/x86-64_osx/static_pic\"",
				);
				OTHER_CFLAGS = "-DIL_STD";
				PRODUCT_NAME = "$(TARGET_NAME)";
			};
			name = Release;
		};
/* End XCBuildConfiguration section */

/* Begin XCConfigurationList section */
		B5CE433B2751CE5F00627DFB /* Build configuration list for PBXProject "cplex" */ = {
			isa = XCConfigurationList;
			buildConfigurations = (
				B5CE43452751CE5F00627DFB /* Debug */,
				B5CE43462751CE5F00627DFB /* Release */,
			);
			defaultConfigurationIsVisible = 0;
			defaultConfigurationName = Release;
		};
		B5CE43472751CE5F00627DFB /* Build configuration list for PBXNativeTarget "cplex" */ = {
			isa = XCConfigurationList;
			buildConfigurations = (
				B5CE43482751CE5F00627DFB /* Debug */,
				B5CE43492751CE5F00627DFB /* Release */,
			);
			defaultConfigurationIsVisible = 0;
			defaultConfigurationName = Release;
		};
/* End XCConfigurationList section */
	};
	rootObject = B5CE43382751CE5F00627DFB /* Project object */;
}
